
Microsoft Visual Studio Solution File, Format Version 12.00
# Visual Studio Version 17
VisualStudioVersion = 17.7.34031.279
MinimumVisualStudioVersion = 10.0.40219.1
Project("{9A19103F-16F7-4668-BE54-9A1E7A4F7556}") = "BookHaven", "BookHaven\BookHaven.csproj", "{73FB3E00-5399-4DC5-BC8B-ADC7E2AFB41C}"
EndProject
Project("{9A19103F-16F7-4668-BE54-9A1E7A4F7556}") = "BookHaven.Domain", "BookHaven.Domain\BookHaven.Domain.csproj", "{88E75FDC-C2B8-429E-A59A-255509825C29}"
EndProject
Project("{9A19103F-16F7-4668-BE54-9A1E7A4F7556}") = "BookHaven.Persistence", "BookHaven.Persistence\BookHaven.Persistence.csproj", "{87982AE2-1929-4C84-BA21-4C26BF893607}"
EndProject
Project("{9A19103F-16F7-4668-BE54-9A1E7A4F7556}") = "BookHaven.Application", "BookHaven.Application\BookHaven.Application.csproj", "{1A33F414-BF06-4D9C-9594-E321AC39BCB3}"
EndProject
Project("{9A19103F-16F7-4668-BE54-9A1E7A4F7556}") = "BookHaven.Common", "BookHaven.Common\BookHaven.Common.csproj", "{845B231E-30F8-49D5-9EC4-E7A85B33AB64}"
EndProject
Project("{9A19103F-16F7-4668-BE54-9A1E7A4F7556}") = "BookHaven.Validations", "BookHaven.Validations\BookHaven.Validations.csproj", "{7859A3AB-6D3E-4ECC-8C56-22AF5391A3FB}"
EndProject
Project("{FAE04EC0-301F-11D3-BF4B-00C04F79EFBC}") = "BookHaven.Messaging", "BookHaven.Messaging\BookHaven.Messaging.csproj", "{402F9450-27E5-499F-B424-B419481CA116}"
EndProject
Global
	GlobalSection(SolutionConfigurationPlatforms) = preSolution
		Debug|Any CPU = Debug|Any CPU
		Release|Any CPU = Release|Any CPU
	EndGlobalSection
	GlobalSection(ProjectConfigurationPlatforms) = postSolution
		{73FB3E00-5399-4DC5-BC8B-ADC7E2AFB41C}.Debug|Any CPU.ActiveCfg = Debug|Any CPU
		{73FB3E00-5399-4DC5-BC8B-ADC7E2AFB41C}.Debug|Any CPU.Build.0 = Debug|Any CPU
		{73FB3E00-5399-4DC5-BC8B-ADC7E2AFB41C}.Release|Any CPU.ActiveCfg = Release|Any CPU
		{73FB3E00-5399-4DC5-BC8B-ADC7E2AFB41C}.Release|Any CPU.Build.0 = Release|Any CPU
		{88E75FDC-C2B8-429E-A59A-255509825C29}.Debug|Any CPU.ActiveCfg = Debug|Any CPU
		{88E75FDC-C2B8-429E-A59A-255509825C29}.Debug|Any CPU.Build.0 = Debug|Any CPU
		{88E75FDC-C2B8-429E-A59A-255509825C29}.Release|Any CPU.ActiveCfg = Release|Any CPU
		{88E75FDC-C2B8-429E-A59A-255509825C29}.Release|Any CPU.Build.0 = Release|Any CPU
		{87982AE2-1929-4C84-BA21-4C26BF893607}.Debug|Any CPU.ActiveCfg = Debug|Any CPU
		{87982AE2-1929-4C84-BA21-4C26BF893607}.Debug|Any CPU.Build.0 = Debug|Any CPU
		{87982AE2-1929-4C84-BA21-4C26BF893607}.Release|Any CPU.ActiveCfg = Release|Any CPU
		{87982AE2-1929-4C84-BA21-4C26BF893607}.Release|Any CPU.Build.0 = Release|Any CPU
		{1A33F414-BF06-4D9C-9594-E321AC39BCB3}.Debug|Any CPU.ActiveCfg = Debug|Any CPU
		{1A33F414-BF06-4D9C-9594-E321AC39BCB3}.Debug|Any CPU.Build.0 = Debug|Any CPU
		{1A33F414-BF06-4D9C-9594-E321AC39BCB3}.Release|Any CPU.ActiveCfg = Release|Any CPU
		{1A33F414-BF06-4D9C-9594-E321AC39BCB3}.Release|Any CPU.Build.0 = Release|Any CPU
		{845B231E-30F8-49D5-9EC4-E7A85B33AB64}.Debug|Any CPU.ActiveCfg = Debug|Any CPU
		{845B231E-30F8-49D5-9EC4-E7A85B33AB64}.Debug|Any CPU.Build.0 = Debug|Any CPU
		{845B231E-30F8-49D5-9EC4-E7A85B33AB64}.Release|Any CPU.ActiveCfg = Release|Any CPU
		{845B231E-30F8-49D5-9EC4-E7A85B33AB64}.Release|Any CPU.Build.0 = Release|Any CPU
		{7859A3AB-6D3E-4ECC-8C56-22AF5391A3FB}.Debug|Any CPU.ActiveCfg = Debug|Any CPU
		{7859A3AB-6D3E-4ECC-8C56-22AF5391A3FB}.Debug|Any CPU.Build.0 = Debug|Any CPU
		{7859A3AB-6D3E-4ECC-8C56-22AF5391A3FB}.Release|Any CPU.ActiveCfg = Release|Any CPU
		{7859A3AB-6D3E-4ECC-8C56-22AF5391A3FB}.Release|Any CPU.Build.0 = Release|Any CPU
		{402F9450-27E5-499F-B424-B419481CA116}.Debug|Any CPU.ActiveCfg = Debug|Any CPU
		{402F9450-27E5-499F-B424-B419481CA116}.Debug|Any CPU.Build.0 = Debug|Any CPU
		{402F9450-27E5-499F-B424-B419481CA116}.Release|Any CPU.ActiveCfg = Release|Any CPU
		{402F9450-27E5-499F-B424-B419481CA116}.Release|Any CPU.Build.0 = Release|Any CPU
	EndGlobalSection
	GlobalSection(SolutionProperties) = preSolution
		HideSolutionNode = FALSE
	EndGlobalSection
	GlobalSection(ExtensibilityGlobals) = postSolution
		SolutionGuid = {A85064F8-6050-4ED4-A8D0-382DF085ACD5}
	EndGlobalSection
EndGlobal
